
Microsoft Visual Studio Solution File, Format Version 9.00
# Visual Studio 2005
Project("{FAE04EC0-301F-11D3-BF4B-00C04F79EFBC}") = "TestHarness", "TestHarness.csproj", "{3B157295-5766-4993-B7A7-AB1E92DD8100}"
EndProject
Project("{FAE04EC0-301F-11D3-BF4B-00C04F79EFBC}") = "Reporting.ObjectModel", "..\Reporting.ObjectModel\Reporting.ObjectModel.csproj", "{CCB8D3F9-1F89-472C-A78E-C4124DECD949}"
EndProject
Project("{F14B399A-7131-4C87-9E4B-1186C45EF12D}") = "Reports", "..\Reports\Reports.rptproj", "{509F0352-89EB-4863-A5FA-9459297B48A9}"
EndProject
Global
	GlobalSection(SourceCodeControl) = preSolution
		SccNumberOfProjects = 4
		SccProjectName0 = \u0022$/Presentations/TechEd/2007/Source/BIN_APP\u0022,\u0020AYGAAAAA
		SccLocalPath0 = ..
		SccProvider0 = MSSCCI:Microsoft\u0020Visual\u0020SourceSafe
		SccProjectFilePathRelativizedFromConnection0 = TestHarness\\
		SccProjectUniqueName1 = ..\\Reporting.ObjectModel\\Reporting.ObjectModel.csproj
		SccLocalPath1 = ..
		SccProjectFilePathRelativizedFromConnection1 = Reporting.ObjectModel\\
		SccProjectUniqueName2 = ..\\Reports\\Reports.rptproj
		SccLocalPath2 = ..
		SccProjectFilePathRelativizedFromConnection2 = Reports\\
		SccProjectUniqueName3 = TestHarness.csproj
		SccLocalPath3 = ..
		SccProjectFilePathRelativizedFromConnection3 = TestHarness\\
	EndGlobalSection
	GlobalSection(SolutionConfigurationPlatforms) = preSolution
		Debug|Any CPU = Debug|Any CPU
		DebugLocal|Any CPU = DebugLocal|Any CPU
		Production|Any CPU = Production|Any CPU
		Release|Any CPU = Release|Any CPU
	EndGlobalSection
	GlobalSection(ProjectConfigurationPlatforms) = postSolution
		{3B157295-5766-4993-B7A7-AB1E92DD8100}.Debug|Any CPU.ActiveCfg = Debug|Any CPU
		{3B157295-5766-4993-B7A7-AB1E92DD8100}.Debug|Any CPU.Build.0 = Debug|Any CPU
		{3B157295-5766-4993-B7A7-AB1E92DD8100}.DebugLocal|Any CPU.ActiveCfg = Debug|Any CPU
		{3B157295-5766-4993-B7A7-AB1E92DD8100}.DebugLocal|Any CPU.Build.0 = Debug|Any CPU
		{3B157295-5766-4993-B7A7-AB1E92DD8100}.Production|Any CPU.ActiveCfg = Release|Any CPU
		{3B157295-5766-4993-B7A7-AB1E92DD8100}.Production|Any CPU.Build.0 = Release|Any CPU
		{3B157295-5766-4993-B7A7-AB1E92DD8100}.Release|Any CPU.ActiveCfg = Release|Any CPU
		{3B157295-5766-4993-B7A7-AB1E92DD8100}.Release|Any CPU.Build.0 = Release|Any CPU
		{CCB8D3F9-1F89-472C-A78E-C4124DECD949}.Debug|Any CPU.ActiveCfg = Debug|Any CPU
		{CCB8D3F9-1F89-472C-A78E-C4124DECD949}.Debug|Any CPU.Build.0 = Debug|Any CPU
		{CCB8D3F9-1F89-472C-A78E-C4124DECD949}.DebugLocal|Any CPU.ActiveCfg = Debug|Any CPU
		{CCB8D3F9-1F89-472C-A78E-C4124DECD949}.DebugLocal|Any CPU.Build.0 = Debug|Any CPU
		{CCB8D3F9-1F89-472C-A78E-C4124DECD949}.Production|Any CPU.ActiveCfg = Release|Any CPU
		{CCB8D3F9-1F89-472C-A78E-C4124DECD949}.Production|Any CPU.Build.0 = Release|Any CPU
		{CCB8D3F9-1F89-472C-A78E-C4124DECD949}.Release|Any CPU.ActiveCfg = Release|Any CPU
		{CCB8D3F9-1F89-472C-A78E-C4124DECD949}.Release|Any CPU.Build.0 = Release|Any CPU
		{509F0352-89EB-4863-A5FA-9459297B48A9}.Debug|Any CPU.ActiveCfg = DebugLocal
		{509F0352-89EB-4863-A5FA-9459297B48A9}.Debug|Any CPU.Build.0 = DebugLocal
		{509F0352-89EB-4863-A5FA-9459297B48A9}.DebugLocal|Any CPU.ActiveCfg = DebugLocal
		{509F0352-89EB-4863-A5FA-9459297B48A9}.DebugLocal|Any CPU.Build.0 = DebugLocal
		{509F0352-89EB-4863-A5FA-9459297B48A9}.Production|Any CPU.ActiveCfg = Production
		{509F0352-89EB-4863-A5FA-9459297B48A9}.Production|Any CPU.Build.0 = Production
		{509F0352-89EB-4863-A5FA-9459297B48A9}.Production|Any CPU.Deploy.0 = Production
		{509F0352-89EB-4863-A5FA-9459297B48A9}.Release|Any CPU.ActiveCfg = Production
		{509F0352-89EB-4863-A5FA-9459297B48A9}.Release|Any CPU.Build.0 = Production
		{509F0352-89EB-4863-A5FA-9459297B48A9}.Release|Any CPU.Deploy.0 = Production
	EndGlobalSection
	GlobalSection(SolutionProperties) = preSolution
		HideSolutionNode = FALSE
	EndGlobalSection
EndGlobal
