
Microsoft Visual Studio Solution File, Format Version 12.00
# Visual Studio 2013
VisualStudioVersion = 12.0.30723.0
MinimumVisualStudioVersion = 10.0.40219.1
Project("{FAE04EC0-301F-11D3-BF4B-00C04F79EFBC}") = "TestHarness", "TestHarness\TestHarness.csproj", "{3B157295-5766-4993-B7A7-AB1E92DD8100}"
EndProject
Project("{FAE04EC0-301F-11D3-BF4B-00C04F79EFBC}") = "Reporting.ObjectModel", "Reporting.ObjectModel\Reporting.ObjectModel.csproj", "{CCB8D3F9-1F89-472C-A78E-C4124DECD949}"
EndProject
Project("{F14B399A-7131-4C87-9E4B-1186C45EF12D}") = "Reports", "Reports\Reports.rptproj", "{509F0352-89EB-4863-A5FA-9459297B48A9}"
EndProject
Project("{FAE04EC0-301F-11D3-BF4B-00C04F79EFBC}") = "RsRequestViewer", "RsRequestViewer\RsRequestViewer.csproj", "{2419594C-F387-489E-8698-CA12FAB3F26D}"
EndProject
Project("{00D1A9C2-B5F0-4AF3-8072-F6C62B433612}") = "Reporting.CLR", "Reporting.CLR\Reporting.CLR.sqlproj", "{DF5C08D9-84C3-4535-87E9-485D0B362D11}"
EndProject
Project("{FAE04EC0-301F-11D3-BF4B-00C04F79EFBC}") = "Reporting.Extensibility", "Reporting.Extensibility\Reporting.Extensibility.csproj", "{89627073-7012-4A27-B986-A7EDCD0130FE}"
EndProject
Global
	GlobalSection(SolutionConfigurationPlatforms) = preSolution
		Debug|Any CPU = Debug|Any CPU
		DebugLocal|Any CPU = DebugLocal|Any CPU
		Production|Any CPU = Production|Any CPU
		Release|Any CPU = Release|Any CPU
	EndGlobalSection
	GlobalSection(ProjectConfigurationPlatforms) = postSolution
		{3B157295-5766-4993-B7A7-AB1E92DD8100}.Debug|Any CPU.ActiveCfg = Debug|Any CPU
		{3B157295-5766-4993-B7A7-AB1E92DD8100}.Debug|Any CPU.Build.0 = Debug|Any CPU
		{3B157295-5766-4993-B7A7-AB1E92DD8100}.DebugLocal|Any CPU.ActiveCfg = Debug|Any CPU
		{3B157295-5766-4993-B7A7-AB1E92DD8100}.DebugLocal|Any CPU.Build.0 = Debug|Any CPU
		{3B157295-5766-4993-B7A7-AB1E92DD8100}.Production|Any CPU.ActiveCfg = Release|Any CPU
		{3B157295-5766-4993-B7A7-AB1E92DD8100}.Production|Any CPU.Build.0 = Release|Any CPU
		{3B157295-5766-4993-B7A7-AB1E92DD8100}.Release|Any CPU.ActiveCfg = Release|Any CPU
		{3B157295-5766-4993-B7A7-AB1E92DD8100}.Release|Any CPU.Build.0 = Release|Any CPU
		{CCB8D3F9-1F89-472C-A78E-C4124DECD949}.Debug|Any CPU.ActiveCfg = Debug|Any CPU
		{CCB8D3F9-1F89-472C-A78E-C4124DECD949}.Debug|Any CPU.Build.0 = Debug|Any CPU
		{CCB8D3F9-1F89-472C-A78E-C4124DECD949}.DebugLocal|Any CPU.ActiveCfg = Debug|Any CPU
		{CCB8D3F9-1F89-472C-A78E-C4124DECD949}.DebugLocal|Any CPU.Build.0 = Debug|Any CPU
		{CCB8D3F9-1F89-472C-A78E-C4124DECD949}.Production|Any CPU.ActiveCfg = Release|Any CPU
		{CCB8D3F9-1F89-472C-A78E-C4124DECD949}.Production|Any CPU.Build.0 = Release|Any CPU
		{CCB8D3F9-1F89-472C-A78E-C4124DECD949}.Release|Any CPU.ActiveCfg = Release|Any CPU
		{CCB8D3F9-1F89-472C-A78E-C4124DECD949}.Release|Any CPU.Build.0 = Release|Any CPU
		{509F0352-89EB-4863-A5FA-9459297B48A9}.Debug|Any CPU.ActiveCfg = DebugLocal
		{509F0352-89EB-4863-A5FA-9459297B48A9}.DebugLocal|Any CPU.ActiveCfg = DebugLocal
		{509F0352-89EB-4863-A5FA-9459297B48A9}.DebugLocal|Any CPU.Build.0 = DebugLocal
		{509F0352-89EB-4863-A5FA-9459297B48A9}.Production|Any CPU.ActiveCfg = Production
		{509F0352-89EB-4863-A5FA-9459297B48A9}.Production|Any CPU.Build.0 = Production
		{509F0352-89EB-4863-A5FA-9459297B48A9}.Production|Any CPU.Deploy.0 = Production
		{509F0352-89EB-4863-A5FA-9459297B48A9}.Release|Any CPU.ActiveCfg = Production
		{509F0352-89EB-4863-A5FA-9459297B48A9}.Release|Any CPU.Build.0 = Production
		{509F0352-89EB-4863-A5FA-9459297B48A9}.Release|Any CPU.Deploy.0 = Production
		{2419594C-F387-489E-8698-CA12FAB3F26D}.Debug|Any CPU.ActiveCfg = Debug|Any CPU
		{2419594C-F387-489E-8698-CA12FAB3F26D}.Debug|Any CPU.Build.0 = Debug|Any CPU
		{2419594C-F387-489E-8698-CA12FAB3F26D}.DebugLocal|Any CPU.ActiveCfg = Debug|Any CPU
		{2419594C-F387-489E-8698-CA12FAB3F26D}.DebugLocal|Any CPU.Build.0 = Debug|Any CPU
		{2419594C-F387-489E-8698-CA12FAB3F26D}.Production|Any CPU.ActiveCfg = Release|Any CPU
		{2419594C-F387-489E-8698-CA12FAB3F26D}.Production|Any CPU.Build.0 = Release|Any CPU
		{2419594C-F387-489E-8698-CA12FAB3F26D}.Release|Any CPU.ActiveCfg = Release|Any CPU
		{2419594C-F387-489E-8698-CA12FAB3F26D}.Release|Any CPU.Build.0 = Release|Any CPU
		{DF5C08D9-84C3-4535-87E9-485D0B362D11}.Debug|Any CPU.ActiveCfg = Debug|Any CPU
		{DF5C08D9-84C3-4535-87E9-485D0B362D11}.Debug|Any CPU.Build.0 = Debug|Any CPU
		{DF5C08D9-84C3-4535-87E9-485D0B362D11}.DebugLocal|Any CPU.ActiveCfg = Debug|Any CPU
		{DF5C08D9-84C3-4535-87E9-485D0B362D11}.DebugLocal|Any CPU.Build.0 = Debug|Any CPU
		{DF5C08D9-84C3-4535-87E9-485D0B362D11}.DebugLocal|Any CPU.Deploy.0 = Debug|Any CPU
		{DF5C08D9-84C3-4535-87E9-485D0B362D11}.Production|Any CPU.ActiveCfg = Release|Any CPU
		{DF5C08D9-84C3-4535-87E9-485D0B362D11}.Production|Any CPU.Build.0 = Release|Any CPU
		{DF5C08D9-84C3-4535-87E9-485D0B362D11}.Production|Any CPU.Deploy.0 = Release|Any CPU
		{DF5C08D9-84C3-4535-87E9-485D0B362D11}.Release|Any CPU.ActiveCfg = Release|Any CPU
		{DF5C08D9-84C3-4535-87E9-485D0B362D11}.Release|Any CPU.Build.0 = Release|Any CPU
		{DF5C08D9-84C3-4535-87E9-485D0B362D11}.Release|Any CPU.Deploy.0 = Release|Any CPU
		{89627073-7012-4A27-B986-A7EDCD0130FE}.Debug|Any CPU.ActiveCfg = Debug|Any CPU
		{89627073-7012-4A27-B986-A7EDCD0130FE}.DebugLocal|Any CPU.ActiveCfg = Debug|Any CPU
		{89627073-7012-4A27-B986-A7EDCD0130FE}.DebugLocal|Any CPU.Build.0 = Debug|Any CPU
		{89627073-7012-4A27-B986-A7EDCD0130FE}.Production|Any CPU.ActiveCfg = Release|Any CPU
		{89627073-7012-4A27-B986-A7EDCD0130FE}.Production|Any CPU.Build.0 = Release|Any CPU
		{89627073-7012-4A27-B986-A7EDCD0130FE}.Release|Any CPU.ActiveCfg = Release|Any CPU
		{89627073-7012-4A27-B986-A7EDCD0130FE}.Release|Any CPU.Build.0 = Release|Any CPU
	EndGlobalSection
	GlobalSection(SolutionProperties) = preSolution
		HideSolutionNode = FALSE
	EndGlobalSection
EndGlobal
